
Microsoft Visual Studio Solution File, Format Version 12.00
# Visual Studio 2012
Project("{FAE04EC0-301F-11D3-BF4B-00C04F79EFBC}") = "TC_CSharp", "CSharp\TC_CSharp.csproj", "{16AB0212-8CBE-454D-B1D1-637A64F2B0BF}"
EndProject
Project("{8BC9CEB8-8B4A-11D0-8D11-00A0C91BC942}") = "TC_Cpp", "CSharp\Cpp\Cpp.vcxproj", "{FFC7ECA1-A545-48E2-96F5-8AC09D29C45D}"
EndProject
Project("{2150E333-8FDC-42A3-9474-1A3956D46DE8}") = "TC_CSharpSolutions", "TC_CSharpSolutions", "{7CDD8275-904C-427B-A234-A76CCD87B3A2}"
	ProjectSection(SolutionItems) = preProject
		CSharp\AstronomicalRecordsEasy.cs = CSharp\AstronomicalRecordsEasy.cs
		CSharp\BigFatInteger.cs = CSharp\BigFatInteger.cs
		CSharp\BigFatInteger2.cs = CSharp\BigFatInteger2.cs
		CSharp\BinPackingEasy.cs = CSharp\BinPackingEasy.cs
		CSharp\EllysFigurines.cs = CSharp\EllysFigurines.cs
		CSharp\EllysPairs.cs = CSharp\EllysPairs.cs
		CSharp\EllysReversals.cs = CSharp\EllysReversals.cs
		CSharp\ErasingCharacters.cs = CSharp\ErasingCharacters.cs
		CSharp\FoxAndClassroom.cs = CSharp\FoxAndClassroom.cs
		CSharp\FoxAndFencingEasy.cs = CSharp\FoxAndFencingEasy.cs
		CSharp\HouseBuilding.cs = CSharp\HouseBuilding.cs
		CSharp\IncrementAndDoubling.cs = CSharp\IncrementAndDoubling.cs
		CSharp\KnightCircuit2.cs = CSharp\KnightCircuit2.cs
		CSharp\LittleElephantAndBalls.cs = CSharp\LittleElephantAndBalls.cs
		CSharp\LittleElephantAndDouble.cs = CSharp\LittleElephantAndDouble.cs
		CSharp\LittleElephantAndString.cs = CSharp\LittleElephantAndString.cs
		CSharp\MayTheBestPetWin.cs = CSharp\MayTheBestPetWin.cs
		CSharp\MiniatureDachshund.cs = CSharp\MiniatureDachshund.cs
		CSharp\PastingPaintingDivOne.cs = CSharp\PastingPaintingDivOne.cs
		CSharp\RaiseThisBarn.cs = CSharp\RaiseThisBarn.cs
		CSharp\RandomOption.cs = CSharp\RandomOption.cs
		CSharp\SimilarNames2.cs = CSharp\SimilarNames2.cs
		CSharp\TheBrickTowerEasyDivTwo.cs = CSharp\TheBrickTowerEasyDivTwo.cs
		CSharp\TheNumberGameDivTwo.cs = CSharp\TheNumberGameDivTwo.cs
		CSharp\TheOlympiadInInformatics.cs = CSharp\TheOlympiadInInformatics.cs
		CSharp\TheSquareRootDilemma.cs = CSharp\TheSquareRootDilemma.cs
		CSharp\TheSwapsDivTwo.cs = CSharp\TheSwapsDivTwo.cs
		CSharp\TheTilesDivTwo.cs = CSharp\TheTilesDivTwo.cs
		CSharp\WolfDelaymaster.cs = CSharp\WolfDelaymaster.cs
		CSharp\XorBoardDivTwo.cs = CSharp\XorBoardDivTwo.cs
	EndProjectSection
EndProject
Project("{2150E333-8FDC-42A3-9474-1A3956D46DE8}") = "TC_CppSolutions", "TC_CppSolutions", "{64E9CC1D-723E-4BAE-B72C-4BCF1CA00EAA}"
	ProjectSection(SolutionItems) = preProject
		CSharp\AlienAndGame.cpp = CSharp\AlienAndGame.cpp
		CSharp\TheBrickTowerMediumDivTwo.cpp = CSharp\TheBrickTowerMediumDivTwo.cpp
	EndProjectSection
EndProject
Project("{2150E333-8FDC-42A3-9474-1A3956D46DE8}") = "Solution Items", "Solution Items", "{E3D3E0A3-D3D1-4122-9653-C47CD07D3DFC}"
	ProjectSection(SolutionItems) = preProject
		README.md = README.md
	EndProjectSection
EndProject
Global
	GlobalSection(SubversionScc) = preSolution
		Svn-Managed = True
		Manager = AnkhSVN - Subversion Support for Visual Studio
	EndGlobalSection
	GlobalSection(SolutionConfigurationPlatforms) = preSolution
		Debug|Mixed Platforms = Debug|Mixed Platforms
		Debug|Win32 = Debug|Win32
		Debug|x86 = Debug|x86
		Release|Mixed Platforms = Release|Mixed Platforms
		Release|Win32 = Release|Win32
		Release|x86 = Release|x86
	EndGlobalSection
	GlobalSection(ProjectConfigurationPlatforms) = postSolution
		{16AB0212-8CBE-454D-B1D1-637A64F2B0BF}.Debug|Mixed Platforms.ActiveCfg = Debug|x86
		{16AB0212-8CBE-454D-B1D1-637A64F2B0BF}.Debug|Mixed Platforms.Build.0 = Debug|x86
		{16AB0212-8CBE-454D-B1D1-637A64F2B0BF}.Debug|Win32.ActiveCfg = Debug|x86
		{16AB0212-8CBE-454D-B1D1-637A64F2B0BF}.Debug|x86.ActiveCfg = Debug|x86
		{16AB0212-8CBE-454D-B1D1-637A64F2B0BF}.Debug|x86.Build.0 = Debug|x86
		{16AB0212-8CBE-454D-B1D1-637A64F2B0BF}.Release|Mixed Platforms.ActiveCfg = Release|x86
		{16AB0212-8CBE-454D-B1D1-637A64F2B0BF}.Release|Mixed Platforms.Build.0 = Release|x86
		{16AB0212-8CBE-454D-B1D1-637A64F2B0BF}.Release|Win32.ActiveCfg = Release|x86
		{16AB0212-8CBE-454D-B1D1-637A64F2B0BF}.Release|x86.ActiveCfg = Release|x86
		{16AB0212-8CBE-454D-B1D1-637A64F2B0BF}.Release|x86.Build.0 = Release|x86
		{FFC7ECA1-A545-48E2-96F5-8AC09D29C45D}.Debug|Mixed Platforms.ActiveCfg = Debug|Win32
		{FFC7ECA1-A545-48E2-96F5-8AC09D29C45D}.Debug|Mixed Platforms.Build.0 = Debug|Win32
		{FFC7ECA1-A545-48E2-96F5-8AC09D29C45D}.Debug|Win32.ActiveCfg = Debug|Win32
		{FFC7ECA1-A545-48E2-96F5-8AC09D29C45D}.Debug|Win32.Build.0 = Debug|Win32
		{FFC7ECA1-A545-48E2-96F5-8AC09D29C45D}.Debug|x86.ActiveCfg = Debug|Win32
		{FFC7ECA1-A545-48E2-96F5-8AC09D29C45D}.Release|Mixed Platforms.ActiveCfg = Release|Win32
		{FFC7ECA1-A545-48E2-96F5-8AC09D29C45D}.Release|Mixed Platforms.Build.0 = Release|Win32
		{FFC7ECA1-A545-48E2-96F5-8AC09D29C45D}.Release|Win32.ActiveCfg = Release|Win32
		{FFC7ECA1-A545-48E2-96F5-8AC09D29C45D}.Release|Win32.Build.0 = Release|Win32
		{FFC7ECA1-A545-48E2-96F5-8AC09D29C45D}.Release|x86.ActiveCfg = Release|Win32
	EndGlobalSection
	GlobalSection(SolutionProperties) = preSolution
		HideSolutionNode = FALSE
	EndGlobalSection
EndGlobal
