
Microsoft Visual Studio Solution File, Format Version 12.00
# Visual Studio 2012
Project("{FAE04EC0-301F-11D3-BF4B-00C04F79EFBC}") = "TC_CSharp", "CSharp\TC_CSharp.csproj", "{16AB0212-8CBE-454D-B1D1-637A64F2B0BF}"
EndProject
Project("{8BC9CEB8-8B4A-11D0-8D11-00A0C91BC942}") = "Cpp", "CSharp\Cpp\Cpp.vcxproj", "{FFC7ECA1-A545-48E2-96F5-8AC09D29C45D}"
EndProject
Global
	GlobalSection(SolutionConfigurationPlatforms) = preSolution
		Debug|Mixed Platforms = Debug|Mixed Platforms
		Debug|Win32 = Debug|Win32
		Debug|x86 = Debug|x86
		Release|Mixed Platforms = Release|Mixed Platforms
		Release|Win32 = Release|Win32
		Release|x86 = Release|x86
	EndGlobalSection
	GlobalSection(ProjectConfigurationPlatforms) = postSolution
		{16AB0212-8CBE-454D-B1D1-637A64F2B0BF}.Debug|Mixed Platforms.ActiveCfg = Debug|x86
		{16AB0212-8CBE-454D-B1D1-637A64F2B0BF}.Debug|Mixed Platforms.Build.0 = Debug|x86
		{16AB0212-8CBE-454D-B1D1-637A64F2B0BF}.Debug|Win32.ActiveCfg = Debug|x86
		{16AB0212-8CBE-454D-B1D1-637A64F2B0BF}.Debug|x86.ActiveCfg = Debug|x86
		{16AB0212-8CBE-454D-B1D1-637A64F2B0BF}.Debug|x86.Build.0 = Debug|x86
		{16AB0212-8CBE-454D-B1D1-637A64F2B0BF}.Release|Mixed Platforms.ActiveCfg = Release|x86
		{16AB0212-8CBE-454D-B1D1-637A64F2B0BF}.Release|Mixed Platforms.Build.0 = Release|x86
		{16AB0212-8CBE-454D-B1D1-637A64F2B0BF}.Release|Win32.ActiveCfg = Release|x86
		{16AB0212-8CBE-454D-B1D1-637A64F2B0BF}.Release|x86.ActiveCfg = Release|x86
		{16AB0212-8CBE-454D-B1D1-637A64F2B0BF}.Release|x86.Build.0 = Release|x86
		{FFC7ECA1-A545-48E2-96F5-8AC09D29C45D}.Debug|Mixed Platforms.ActiveCfg = Debug|Win32
		{FFC7ECA1-A545-48E2-96F5-8AC09D29C45D}.Debug|Win32.ActiveCfg = Debug|Win32
		{FFC7ECA1-A545-48E2-96F5-8AC09D29C45D}.Debug|Win32.Build.0 = Debug|Win32
		{FFC7ECA1-A545-48E2-96F5-8AC09D29C45D}.Debug|x86.ActiveCfg = Debug|Win32
		{FFC7ECA1-A545-48E2-96F5-8AC09D29C45D}.Release|Mixed Platforms.ActiveCfg = Release|Win32
		{FFC7ECA1-A545-48E2-96F5-8AC09D29C45D}.Release|Mixed Platforms.Build.0 = Release|Win32
		{FFC7ECA1-A545-48E2-96F5-8AC09D29C45D}.Release|Win32.ActiveCfg = Release|Win32
		{FFC7ECA1-A545-48E2-96F5-8AC09D29C45D}.Release|Win32.Build.0 = Release|Win32
		{FFC7ECA1-A545-48E2-96F5-8AC09D29C45D}.Release|x86.ActiveCfg = Release|Win32
	EndGlobalSection
	GlobalSection(SolutionProperties) = preSolution
		HideSolutionNode = FALSE
	EndGlobalSection
EndGlobal
